
Microsoft Visual Studio Solution File, Format Version 12.00
# Visual Studio Version 17
VisualStudioVersion = 17.11.35222.181
MinimumVisualStudioVersion = 10.0.40219.1
Project("{FAE04EC0-301F-11D3-BF4B-00C04F79EFBC}") = "lib_entidades", "lib_entidades\lib_entidades.csproj", "{DE8C68FB-B788-4A4A-A0CA-C384EC8730AF}"
EndProject
Project("{FAE04EC0-301F-11D3-BF4B-00C04F79EFBC}") = "lib_repositorios", "lib_repositorios\lib_repositorios.csproj", "{CFA007C1-21F6-4BF1-B9C3-3542C109B49E}"
EndProject
Project("{FAE04EC0-301F-11D3-BF4B-00C04F79EFBC}") = "lib_aplicaciones", "lib_aplicaciones\lib_aplicaciones.csproj", "{64D306F4-A3E2-4C3C-AB23-7C3E7481DEC1}"
EndProject
Project("{FAE04EC0-301F-11D3-BF4B-00C04F79EFBC}") = "asp_servicios", "asp_servicios\asp_servicios.csproj", "{4F3158ED-E4FD-4E47-8F84-0E1736ED7F05}"
EndProject
Project("{FAE04EC0-301F-11D3-BF4B-00C04F79EFBC}") = "lib_utilidades", "lib_utilidades\lib_utilidades.csproj", "{E83DDDF0-4A3C-414C-8ED3-6990ED00FC4E}"
EndProject
Global
	GlobalSection(SolutionConfigurationPlatforms) = preSolution
		Debug|Any CPU = Debug|Any CPU
		Release|Any CPU = Release|Any CPU
	EndGlobalSection
	GlobalSection(ProjectConfigurationPlatforms) = postSolution
		{DE8C68FB-B788-4A4A-A0CA-C384EC8730AF}.Debug|Any CPU.ActiveCfg = Debug|Any CPU
		{DE8C68FB-B788-4A4A-A0CA-C384EC8730AF}.Debug|Any CPU.Build.0 = Debug|Any CPU
		{DE8C68FB-B788-4A4A-A0CA-C384EC8730AF}.Release|Any CPU.ActiveCfg = Release|Any CPU
		{DE8C68FB-B788-4A4A-A0CA-C384EC8730AF}.Release|Any CPU.Build.0 = Release|Any CPU
		{CFA007C1-21F6-4BF1-B9C3-3542C109B49E}.Debug|Any CPU.ActiveCfg = Debug|Any CPU
		{CFA007C1-21F6-4BF1-B9C3-3542C109B49E}.Debug|Any CPU.Build.0 = Debug|Any CPU
		{CFA007C1-21F6-4BF1-B9C3-3542C109B49E}.Release|Any CPU.ActiveCfg = Release|Any CPU
		{CFA007C1-21F6-4BF1-B9C3-3542C109B49E}.Release|Any CPU.Build.0 = Release|Any CPU
		{64D306F4-A3E2-4C3C-AB23-7C3E7481DEC1}.Debug|Any CPU.ActiveCfg = Debug|Any CPU
		{64D306F4-A3E2-4C3C-AB23-7C3E7481DEC1}.Debug|Any CPU.Build.0 = Debug|Any CPU
		{64D306F4-A3E2-4C3C-AB23-7C3E7481DEC1}.Release|Any CPU.ActiveCfg = Release|Any CPU
		{64D306F4-A3E2-4C3C-AB23-7C3E7481DEC1}.Release|Any CPU.Build.0 = Release|Any CPU
		{4F3158ED-E4FD-4E47-8F84-0E1736ED7F05}.Debug|Any CPU.ActiveCfg = Debug|Any CPU
		{4F3158ED-E4FD-4E47-8F84-0E1736ED7F05}.Debug|Any CPU.Build.0 = Debug|Any CPU
		{4F3158ED-E4FD-4E47-8F84-0E1736ED7F05}.Release|Any CPU.ActiveCfg = Release|Any CPU
		{4F3158ED-E4FD-4E47-8F84-0E1736ED7F05}.Release|Any CPU.Build.0 = Release|Any CPU
		{E83DDDF0-4A3C-414C-8ED3-6990ED00FC4E}.Debug|Any CPU.ActiveCfg = Debug|Any CPU
		{E83DDDF0-4A3C-414C-8ED3-6990ED00FC4E}.Debug|Any CPU.Build.0 = Debug|Any CPU
		{E83DDDF0-4A3C-414C-8ED3-6990ED00FC4E}.Release|Any CPU.ActiveCfg = Release|Any CPU
		{E83DDDF0-4A3C-414C-8ED3-6990ED00FC4E}.Release|Any CPU.Build.0 = Release|Any CPU
	EndGlobalSection
	GlobalSection(SolutionProperties) = preSolution
		HideSolutionNode = FALSE
	EndGlobalSection
	GlobalSection(ExtensibilityGlobals) = postSolution
		SolutionGuid = {37864E2F-DF45-4FEE-B6F5-3E740595172D}
	EndGlobalSection
EndGlobal
